// !$*UTF8*$!
{
	archiveVersion = 1;
	classes = {
	};
	objectVersion = 46;
	objects = {

/* Begin PBXBuildFile section */
		351118851A4DA4430041640B /* main.cpp in Sources */ = {isa = PBXBuildFile; fileRef = 351118841A4DA4430041640B /* main.cpp */; };
		3511188C1A4FBC6C0041640B /* libncurses.dylib in Frameworks */ = {isa = PBXBuildFile; fileRef = 3511188B1A4FBC6C0041640B /* libncurses.dylib */; };
		3511188F1A50F9070041640B /* TetrisInput.cpp in Sources */ = {isa = PBXBuildFile; fileRef = 3511188E1A50F9070041640B /* TetrisInput.cpp */; };
		351118921A50FA770041640B /* Tetris.cpp in Sources */ = {isa = PBXBuildFile; fileRef = 351118901A50FA770041640B /* Tetris.cpp */; };
		3514A1BC1A57AA7E00181D35 /* KeyboardTetrisInput.cpp in Sources */ = {isa = PBXBuildFile; fileRef = 3514A1BA1A57AA7E00181D35 /* KeyboardTetrisInput.cpp */; };
		B5B29D861A5B5A2E008B1F2E /* CursesUtil.cpp in Sources */ = {isa = PBXBuildFile; fileRef = B5B29D841A5B5A2E008B1F2E /* CursesUtil.cpp */; };
		B5B29D881A5B5BEB008B1F2E /* libpthread.dylib in Frameworks */ = {isa = PBXBuildFile; fileRef = B5B29D871A5B5BEB008B1F2E /* libpthread.dylib */; };
/* End PBXBuildFile section */

/* Begin PBXCopyFilesBuildPhase section */
		3511187F1A4DA4430041640B /* CopyFiles */ = {
			isa = PBXCopyFilesBuildPhase;
			buildActionMask = 2147483647;
			dstPath = /usr/share/man/man1/;
			dstSubfolderSpec = 0;
			files = (
			);
			runOnlyForDeploymentPostprocessing = 1;
		};
/* End PBXCopyFilesBuildPhase section */

/* Begin PBXFileReference section */
		351118811A4DA4430041640B /* tetris */ = {isa = PBXFileReference; explicitFileType = "compiled.mach-o.executable"; includeInIndex = 0; path = tetris; sourceTree = BUILT_PRODUCTS_DIR; };
		351118841A4DA4430041640B /* main.cpp */ = {isa = PBXFileReference; lastKnownFileType = sourcecode.cpp.cpp; path = main.cpp; sourceTree = "<group>"; };
		3511188B1A4FBC6C0041640B /* libncurses.dylib */ = {isa = PBXFileReference; lastKnownFileType = "compiled.mach-o.dylib"; name = libncurses.dylib; path = usr/lib/libncurses.dylib; sourceTree = SDKROOT; };
		3511188D1A50F8070041640B /* TetrisInput.hpp */ = {isa = PBXFileReference; lastKnownFileType = sourcecode.cpp.h; path = TetrisInput.hpp; sourceTree = "<group>"; };
		3511188E1A50F9070041640B /* TetrisInput.cpp */ = {isa = PBXFileReference; fileEncoding = 4; lastKnownFileType = sourcecode.cpp.cpp; path = TetrisInput.cpp; sourceTree = "<group>"; };
		351118901A50FA770041640B /* Tetris.cpp */ = {isa = PBXFileReference; fileEncoding = 4; lastKnownFileType = sourcecode.cpp.cpp; path = Tetris.cpp; sourceTree = "<group>"; };
		351118911A50FA770041640B /* Tetris.hpp */ = {isa = PBXFileReference; fileEncoding = 4; lastKnownFileType = sourcecode.cpp.h; path = Tetris.hpp; sourceTree = "<group>"; };
		351118931A510B140041640B /* TetrisDisplay.hpp */ = {isa = PBXFileReference; lastKnownFileType = sourcecode.cpp.h; path = TetrisDisplay.hpp; sourceTree = "<group>"; };
		351118941A510D560041640B /* TetrisPiece.hpp */ = {isa = PBXFileReference; lastKnownFileType = sourcecode.cpp.h; path = TetrisPiece.hpp; sourceTree = "<group>"; };
		3514A1BA1A57AA7E00181D35 /* KeyboardTetrisInput.cpp */ = {isa = PBXFileReference; fileEncoding = 4; lastKnownFileType = sourcecode.cpp.cpp; path = KeyboardTetrisInput.cpp; sourceTree = "<group>"; };
		3514A1BB1A57AA7E00181D35 /* KeyboardTetrisInput.hpp */ = {isa = PBXFileReference; fileEncoding = 4; lastKnownFileType = sourcecode.cpp.h; path = KeyboardTetrisInput.hpp; sourceTree = "<group>"; };
		B5B29D841A5B5A2E008B1F2E /* CursesUtil.cpp */ = {isa = PBXFileReference; fileEncoding = 4; lastKnownFileType = sourcecode.cpp.cpp; path = CursesUtil.cpp; sourceTree = "<group>"; };
		B5B29D851A5B5A2E008B1F2E /* CursesUtil.hpp */ = {isa = PBXFileReference; fileEncoding = 4; lastKnownFileType = sourcecode.cpp.h; path = CursesUtil.hpp; sourceTree = "<group>"; };
		B5B29D871A5B5BEB008B1F2E /* libpthread.dylib */ = {isa = PBXFileReference; lastKnownFileType = "compiled.mach-o.dylib"; name = libpthread.dylib; path = usr/lib/libpthread.dylib; sourceTree = SDKROOT; };
/* End PBXFileReference section */

/* Begin PBXFrameworksBuildPhase section */
		3511187E1A4DA4430041640B /* Frameworks */ = {
			isa = PBXFrameworksBuildPhase;
			buildActionMask = 2147483647;
			files = (
				B5B29D881A5B5BEB008B1F2E /* libpthread.dylib in Frameworks */,
				3511188C1A4FBC6C0041640B /* libncurses.dylib in Frameworks */,
			);
			runOnlyForDeploymentPostprocessing = 0;
		};
/* End PBXFrameworksBuildPhase section */

/* Begin PBXGroup section */
		351118781A4DA4430041640B = {
			isa = PBXGroup;
			children = (
				B5B29D871A5B5BEB008B1F2E /* libpthread.dylib */,
				3511188B1A4FBC6C0041640B /* libncurses.dylib */,
				351118831A4DA4430041640B /* tetris */,
				351118821A4DA4430041640B /* Products */,
			);
			sourceTree = "<group>";
		};
		351118821A4DA4430041640B /* Products */ = {
			isa = PBXGroup;
			children = (
				351118811A4DA4430041640B /* tetris */,
			);
			name = Products;
			sourceTree = "<group>";
		};
		351118831A4DA4430041640B /* tetris */ = {
			isa = PBXGroup;
			children = (
				351118841A4DA4430041640B /* main.cpp */,
				3511188D1A50F8070041640B /* TetrisInput.hpp */,
				3511188E1A50F9070041640B /* TetrisInput.cpp */,
				351118901A50FA770041640B /* Tetris.cpp */,
				351118911A50FA770041640B /* Tetris.hpp */,
				351118931A510B140041640B /* TetrisDisplay.hpp */,
				351118941A510D560041640B /* TetrisPiece.hpp */,
				3514A1BA1A57AA7E00181D35 /* KeyboardTetrisInput.cpp */,
				3514A1BB1A57AA7E00181D35 /* KeyboardTetrisInput.hpp */,
				B5B29D841A5B5A2E008B1F2E /* CursesUtil.cpp */,
				B5B29D851A5B5A2E008B1F2E /* CursesUtil.hpp */,
			);
			path = tetris;
			sourceTree = "<group>";
		};
/* End PBXGroup section */

/* Begin PBXNativeTarget section */
		351118801A4DA4430041640B /* tetris */ = {
			isa = PBXNativeTarget;
			buildConfigurationList = 351118881A4DA4430041640B /* Build configuration list for PBXNativeTarget "tetris" */;
			buildPhases = (
				3511187D1A4DA4430041640B /* Sources */,
				3511187E1A4DA4430041640B /* Frameworks */,
				3511187F1A4DA4430041640B /* CopyFiles */,
			);
			buildRules = (
			);
			dependencies = (
			);
			name = tetris;
			productName = tetris;
			productReference = 351118811A4DA4430041640B /* tetris */;
			productType = "com.apple.product-type.tool";
		};
/* End PBXNativeTarget section */

/* Begin PBXProject section */
		351118791A4DA4430041640B /* Project object */ = {
			isa = PBXProject;
			attributes = {
				LastUpgradeCheck = 0610;
				ORGANIZATIONNAME = "Benjamin Alan La Monica";
				TargetAttributes = {
					351118801A4DA4430041640B = {
						CreatedOnToolsVersion = 6.1.1;
					};
				};
			};
			buildConfigurationList = 3511187C1A4DA4430041640B /* Build configuration list for PBXProject "tetris" */;
			compatibilityVersion = "Xcode 3.2";
			developmentRegion = English;
			hasScannedForEncodings = 0;
			knownRegions = (
				en,
			);
			mainGroup = 351118781A4DA4430041640B;
			productRefGroup = 351118821A4DA4430041640B /* Products */;
			projectDirPath = "";
			projectRoot = "";
			targets = (
				351118801A4DA4430041640B /* tetris */,
			);
		};
/* End PBXProject section */

/* Begin PBXSourcesBuildPhase section */
		3511187D1A4DA4430041640B /* Sources */ = {
			isa = PBXSourcesBuildPhase;
			buildActionMask = 2147483647;
			files = (
				3514A1BC1A57AA7E00181D35 /* KeyboardTetrisInput.cpp in Sources */,
				351118851A4DA4430041640B /* main.cpp in Sources */,
				3511188F1A50F9070041640B /* TetrisInput.cpp in Sources */,
				351118921A50FA770041640B /* Tetris.cpp in Sources */,
				B5B29D861A5B5A2E008B1F2E /* CursesUtil.cpp in Sources */,
			);
			runOnlyForDeploymentPostprocessing = 0;
		};
/* End PBXSourcesBuildPhase section */

/* Begin XCBuildConfiguration section */
		351118861A4DA4430041640B /* Debug */ = {
			isa = XCBuildConfiguration;
			buildSettings = {
				ALWAYS_SEARCH_USER_PATHS = NO;
				CLANG_CXX_LANGUAGE_STANDARD = "gnu++0x";
				CLANG_CXX_LIBRARY = "libc++";
				CLANG_ENABLE_MODULES = YES;
				CLANG_ENABLE_OBJC_ARC = YES;
				CLANG_WARN_BOOL_CONVERSION = YES;
				CLANG_WARN_CONSTANT_CONVERSION = YES;
				CLANG_WARN_DIRECT_OBJC_ISA_USAGE = YES_ERROR;
				CLANG_WARN_EMPTY_BODY = YES;
				CLANG_WARN_ENUM_CONVERSION = YES;
				CLANG_WARN_INT_CONVERSION = YES;
				CLANG_WARN_OBJC_ROOT_CLASS = YES_ERROR;
				CLANG_WARN_UNREACHABLE_CODE = YES;
				CLANG_WARN__DUPLICATE_METHOD_MATCH = YES;
				COPY_PHASE_STRIP = NO;
				ENABLE_STRICT_OBJC_MSGSEND = YES;
				GCC_C_LANGUAGE_STANDARD = gnu99;
				GCC_DYNAMIC_NO_PIC = NO;
				GCC_OPTIMIZATION_LEVEL = 0;
				GCC_PREPROCESSOR_DEFINITIONS = (
					"DEBUG=1",
					"$(inherited)",
				);
				GCC_SYMBOLS_PRIVATE_EXTERN = NO;
				GCC_WARN_64_TO_32_BIT_CONVERSION = YES;
				GCC_WARN_ABOUT_RETURN_TYPE = YES_ERROR;
				GCC_WARN_UNDECLARED_SELECTOR = YES;
				GCC_WARN_UNINITIALIZED_AUTOS = YES_AGGRESSIVE;
				GCC_WARN_UNUSED_FUNCTION = YES;
				GCC_WARN_UNUSED_VARIABLE = YES;
				MACOSX_DEPLOYMENT_TARGET = 10.10;
				MTL_ENABLE_DEBUG_INFO = YES;
				ONLY_ACTIVE_ARCH = YES;
				SDKROOT = macosx;
			};
			name = Debug;
		};
		351118871A4DA4430041640B /* Release */ = {
			isa = XCBuildConfiguration;
			buildSettings = {
				ALWAYS_SEARCH_USER_PATHS = NO;
				CLANG_CXX_LANGUAGE_STANDARD = "gnu++0x";
				CLANG_CXX_LIBRARY = "libc++";
				CLANG_ENABLE_MODULES = YES;
				CLANG_ENABLE_OBJC_ARC = YES;
				CLANG_WARN_BOOL_CONVERSION = YES;
				CLANG_WARN_CONSTANT_CONVERSION = YES;
				CLANG_WARN_DIRECT_OBJC_ISA_USAGE = YES_ERROR;
				CLANG_WARN_EMPTY_BODY = YES;
				CLANG_WARN_ENUM_CONVERSION = YES;
				CLANG_WARN_INT_CONVERSION = YES;
				CLANG_WARN_OBJC_ROOT_CLASS = YES_ERROR;
				CLANG_WARN_UNREACHABLE_CODE = YES;
				CLANG_WARN__DUPLICATE_METHOD_MATCH = YES;
				COPY_PHASE_STRIP = YES;
				DEBUG_INFORMATION_FORMAT = "dwarf-with-dsym";
				ENABLE_NS_ASSERTIONS = NO;
				ENABLE_STRICT_OBJC_MSGSEND = YES;
				GCC_C_LANGUAGE_STANDARD = gnu99;
				GCC_WARN_64_TO_32_BIT_CONVERSION = YES;
				GCC_WARN_ABOUT_RETURN_TYPE = YES_ERROR;
				GCC_WARN_UNDECLARED_SELECTOR = YES;
				GCC_WARN_UNINITIALIZED_AUTOS = YES_AGGRESSIVE;
				GCC_WARN_UNUSED_FUNCTION = YES;
				GCC_WARN_UNUSED_VARIABLE = YES;
				MACOSX_DEPLOYMENT_TARGET = 10.10;
				MTL_ENABLE_DEBUG_INFO = NO;
				SDKROOT = macosx;
			};
			name = Release;
		};
		351118891A4DA4430041640B /* Debug */ = {
			isa = XCBuildConfiguration;
			buildSettings = {
				PRODUCT_NAME = "$(TARGET_NAME)";
			};
			name = Debug;
		};
		3511188A1A4DA4430041640B /* Release */ = {
			isa = XCBuildConfiguration;
			buildSettings = {
				PRODUCT_NAME = "$(TARGET_NAME)";
			};
			name = Release;
		};
/* End XCBuildConfiguration section */

/* Begin XCConfigurationList section */
		3511187C1A4DA4430041640B /* Build configuration list for PBXProject "tetris" */ = {
			isa = XCConfigurationList;
			buildConfigurations = (
				351118861A4DA4430041640B /* Debug */,
				351118871A4DA4430041640B /* Release */,
			);
			defaultConfigurationIsVisible = 0;
			defaultConfigurationName = Release;
		};
		351118881A4DA4430041640B /* Build configuration list for PBXNativeTarget "tetris" */ = {
			isa = XCConfigurationList;
			buildConfigurations = (
				351118891A4DA4430041640B /* Debug */,
				3511188A1A4DA4430041640B /* Release */,
			);
			defaultConfigurationIsVisible = 0;
			defaultConfigurationName = Release;
		};
/* End XCConfigurationList section */
	};
	rootObject = 351118791A4DA4430041640B /* Project object */;
}
